
Microsoft Visual Studio Solution File, Format Version 12.00
# Visual Studio Version 17
VisualStudioVersion = 17.11.35208.52
MinimumVisualStudioVersion = 10.0.40219.1
Project("{FAE04EC0-301F-11D3-BF4B-00C04F79EFBC}") = "BaiTap_Collections", "BaiTap_Collections\BaiTap_Collections.csproj", "{DF856E00-B59A-472F-B16F-C8057B97AE85}"
EndProject
Global
	GlobalSection(SolutionConfigurationPlatforms) = preSolution
		Debug|Any CPU = Debug|Any CPU
		Release|Any CPU = Release|Any CPU
	EndGlobalSection
	GlobalSection(ProjectConfigurationPlatforms) = postSolution
		{DF856E00-B59A-472F-B16F-C8057B97AE85}.Debug|Any CPU.ActiveCfg = Debug|Any CPU
		{DF856E00-B59A-472F-B16F-C8057B97AE85}.Debug|Any CPU.Build.0 = Debug|Any CPU
		{DF856E00-B59A-472F-B16F-C8057B97AE85}.Release|Any CPU.ActiveCfg = Release|Any CPU
		{DF856E00-B59A-472F-B16F-C8057B97AE85}.Release|Any CPU.Build.0 = Release|Any CPU
	EndGlobalSection
	GlobalSection(SolutionProperties) = preSolution
		HideSolutionNode = FALSE
	EndGlobalSection
	GlobalSection(ExtensibilityGlobals) = postSolution
		SolutionGuid = {1341A201-5BEB-4A78-849F-F8B8DA08C56A}
	EndGlobalSection
EndGlobal
